
Microsoft Visual Studio Solution File, Format Version 12.00
# Visual Studio Version 17
VisualStudioVersion = 17.11.35219.272
MinimumVisualStudioVersion = 10.0.40219.1
Project("{FAE04EC0-301F-11D3-BF4B-00C04F79EFBC}") = "Angular18AspNetCore8.Server", "Angular18AspNetCore8.Server\Angular18AspNetCore8.Server.csproj", "{16816613-66A3-4072-8634-9727187E73D7}"
EndProject
Project("{54A90642-561A-4BB1-A94E-469ADEE60C69}") = "angular18aspnetcore8.client", "angular18aspnetcore8.client\angular18aspnetcore8.client.esproj", "{4F3CEC92-B0A6-4793-B718-FD35358820EA}"
EndProject
Project("{FAE04EC0-301F-11D3-BF4B-00C04F79EFBC}") = "Angular18AspNetCore8.Server.Tests", "Angular18AspNetCore8.Server.Tests\Angular18AspNetCore8.Server.Tests.csproj", "{ABE650D2-C2C1-463A-9A93-077F991651A6}"
EndProject
Project("{FAE04EC0-301F-11D3-BF4B-00C04F79EFBC}") = "Angular18AspNetCore8.App", "Angular18AspNetCore8.App\Angular18AspNetCore8.App.csproj", "{A8E23685-3A32-4A1B-8D07-3C28F040940B}"
EndProject
Project("{FAE04EC0-301F-11D3-BF4B-00C04F79EFBC}") = "Angular18AspNetCore8.App.Tests", "Angular18AspNetCore8.App.Tests\Angular18AspNetCore8.App.Tests.csproj", "{075A1998-EFB3-4C63-BAF7-93572299124E}"
EndProject
Project("{FAE04EC0-301F-11D3-BF4B-00C04F79EFBC}") = "Angular18AspNetCore8.Core", "Angular18AspNetCore8.Core\Angular18AspNetCore8.Core.csproj", "{8471EF98-3BDE-4EEB-B229-1F3006D55C18}"
EndProject
Global
	GlobalSection(SolutionConfigurationPlatforms) = preSolution
		Debug|Any CPU = Debug|Any CPU
		Release|Any CPU = Release|Any CPU
	EndGlobalSection
	GlobalSection(ProjectConfigurationPlatforms) = postSolution
		{16816613-66A3-4072-8634-9727187E73D7}.Debug|Any CPU.ActiveCfg = Debug|Any CPU
		{16816613-66A3-4072-8634-9727187E73D7}.Debug|Any CPU.Build.0 = Debug|Any CPU
		{16816613-66A3-4072-8634-9727187E73D7}.Release|Any CPU.ActiveCfg = Release|Any CPU
		{16816613-66A3-4072-8634-9727187E73D7}.Release|Any CPU.Build.0 = Release|Any CPU
		{4F3CEC92-B0A6-4793-B718-FD35358820EA}.Debug|Any CPU.ActiveCfg = Debug|Any CPU
		{4F3CEC92-B0A6-4793-B718-FD35358820EA}.Debug|Any CPU.Build.0 = Debug|Any CPU
		{4F3CEC92-B0A6-4793-B718-FD35358820EA}.Debug|Any CPU.Deploy.0 = Debug|Any CPU
		{4F3CEC92-B0A6-4793-B718-FD35358820EA}.Release|Any CPU.ActiveCfg = Release|Any CPU
		{4F3CEC92-B0A6-4793-B718-FD35358820EA}.Release|Any CPU.Build.0 = Release|Any CPU
		{4F3CEC92-B0A6-4793-B718-FD35358820EA}.Release|Any CPU.Deploy.0 = Release|Any CPU
		{ABE650D2-C2C1-463A-9A93-077F991651A6}.Debug|Any CPU.ActiveCfg = Debug|Any CPU
		{ABE650D2-C2C1-463A-9A93-077F991651A6}.Debug|Any CPU.Build.0 = Debug|Any CPU
		{ABE650D2-C2C1-463A-9A93-077F991651A6}.Release|Any CPU.ActiveCfg = Release|Any CPU
		{ABE650D2-C2C1-463A-9A93-077F991651A6}.Release|Any CPU.Build.0 = Release|Any CPU
		{A8E23685-3A32-4A1B-8D07-3C28F040940B}.Debug|Any CPU.ActiveCfg = Debug|Any CPU
		{A8E23685-3A32-4A1B-8D07-3C28F040940B}.Debug|Any CPU.Build.0 = Debug|Any CPU
		{A8E23685-3A32-4A1B-8D07-3C28F040940B}.Release|Any CPU.ActiveCfg = Release|Any CPU
		{A8E23685-3A32-4A1B-8D07-3C28F040940B}.Release|Any CPU.Build.0 = Release|Any CPU
		{075A1998-EFB3-4C63-BAF7-93572299124E}.Debug|Any CPU.ActiveCfg = Debug|Any CPU
		{075A1998-EFB3-4C63-BAF7-93572299124E}.Debug|Any CPU.Build.0 = Debug|Any CPU
		{075A1998-EFB3-4C63-BAF7-93572299124E}.Release|Any CPU.ActiveCfg = Release|Any CPU
		{075A1998-EFB3-4C63-BAF7-93572299124E}.Release|Any CPU.Build.0 = Release|Any CPU
		{8471EF98-3BDE-4EEB-B229-1F3006D55C18}.Debug|Any CPU.ActiveCfg = Debug|Any CPU
		{8471EF98-3BDE-4EEB-B229-1F3006D55C18}.Debug|Any CPU.Build.0 = Debug|Any CPU
		{8471EF98-3BDE-4EEB-B229-1F3006D55C18}.Release|Any CPU.ActiveCfg = Release|Any CPU
		{8471EF98-3BDE-4EEB-B229-1F3006D55C18}.Release|Any CPU.Build.0 = Release|Any CPU
	EndGlobalSection
	GlobalSection(SolutionProperties) = preSolution
		HideSolutionNode = FALSE
	EndGlobalSection
	GlobalSection(ExtensibilityGlobals) = postSolution
		SolutionGuid = {ED4C63A3-9CAF-42DB-ADE6-D3F8330CDD72}
	EndGlobalSection
EndGlobal
